
Microsoft Visual Studio Solution File, Format Version 12.00
# Visual Studio Version 16
VisualStudioVersion = 16.0.30011.22
MinimumVisualStudioVersion = 10.0.40219.1
Project("{FAE04EC0-301F-11D3-BF4B-00C04F79EFBC}") = "Lab06Zoo", "Lab06Zoo\Lab06Zoo.csproj", "{1AA22595-45DC-42B0-B2D7-6E896FF2BAA6}"
EndProject
Project("{FAE04EC0-301F-11D3-BF4B-00C04F79EFBC}") = "Lab06Zoo.Tests", "Lab06Zoo.Tests\Lab06Zoo.Tests.csproj", "{D8C8426F-67B6-4D0E-B568-CAB17ABD92E7}"
EndProject
Global
	GlobalSection(SolutionConfigurationPlatforms) = preSolution
		Debug|Any CPU = Debug|Any CPU
		Release|Any CPU = Release|Any CPU
	EndGlobalSection
	GlobalSection(ProjectConfigurationPlatforms) = postSolution
		{1AA22595-45DC-42B0-B2D7-6E896FF2BAA6}.Debug|Any CPU.ActiveCfg = Debug|Any CPU
		{1AA22595-45DC-42B0-B2D7-6E896FF2BAA6}.Debug|Any CPU.Build.0 = Debug|Any CPU
		{1AA22595-45DC-42B0-B2D7-6E896FF2BAA6}.Release|Any CPU.ActiveCfg = Release|Any CPU
		{1AA22595-45DC-42B0-B2D7-6E896FF2BAA6}.Release|Any CPU.Build.0 = Release|Any CPU
		{D8C8426F-67B6-4D0E-B568-CAB17ABD92E7}.Debug|Any CPU.ActiveCfg = Debug|Any CPU
		{D8C8426F-67B6-4D0E-B568-CAB17ABD92E7}.Debug|Any CPU.Build.0 = Debug|Any CPU
		{D8C8426F-67B6-4D0E-B568-CAB17ABD92E7}.Release|Any CPU.ActiveCfg = Release|Any CPU
		{D8C8426F-67B6-4D0E-B568-CAB17ABD92E7}.Release|Any CPU.Build.0 = Release|Any CPU
	EndGlobalSection
	GlobalSection(SolutionProperties) = preSolution
		HideSolutionNode = FALSE
	EndGlobalSection
	GlobalSection(ExtensibilityGlobals) = postSolution
		SolutionGuid = {A861524F-3A24-4401-9C54-7F650D16506F}
	EndGlobalSection
EndGlobal
